{
  "originHash" : "95cc5710a6a0272ce627125a5a6732f14b293ba8e6ad9a1d5be319aebef0d4e0",
  "pins" : [
    {
      "identity" : "routing",
      "kind" : "remoteSourceControl",
      "location" : "git@github.com:olijujuangreen/Routing.git",
      "state" : {
        "branch" : "main",
        "revision" : "8ee0cf9b2af179a48dd884bfcfe8aff3457db136"
      }
    }
  ],
  "version" : 3
}
